schema: '2.0'
stages:
  prepare:
    cmd: python src\prepare.py
    deps:
    - path: data\raw
      md5: c39fec56a4585ba67b8d485dc72e043b.dir
      size: 93534859
      nfiles: 11876
    - path: src\prepare.py
      md5: ef804f358e00edcfe52c865b471f8f55
      size: 1271
    outs:
    - path: data\prepared\test.csv
      md5: 6ca7c645ab4cac2793030cab1a786363
      size: 93584
    - path: data\prepared\train.csv
      md5: bb04dd96b9e49e1179dad1e934fa73f2
      size: 231569
  train:
    cmd: python src\train.py
    deps:
    - path: data\prepared\train.csv
      md5: bb04dd96b9e49e1179dad1e934fa73f2
      size: 231569
    - path: src\train.py
      md5: fba02db450a577e4eef0ce583a5dca3e
      size: 1372
    outs:
    - path: model\model.joblib
      md5: 6fd791b159fa773543a38a29896546ba
      size: 1665688
  evaluate:
    cmd: python src\evaluate.py
    deps:
    - path: model\model.joblib
      md5: 6fd791b159fa773543a38a29896546ba
      size: 1665688
    - path: src\evaluate.py
      md5: b197277667d6269271fff4ae4af8a941
      size: 668
    outs:
    - path: metrics\accuracy.json
      md5: 0cd794424501514dd090fcc82fa16064
      size: 32
